
Microsoft Visual Studio Solution File, Format Version 12.00
Project("{FAE04EC0-301F-11D3-BF4B-00C04F79EFBC}") = "FullStackPractice", "FullStackPractice\FullStackPractice.csproj", "{910CE49B-37AA-4113-BD5B-00B1C5C6EA5D}"
EndProject
Global
	GlobalSection(SolutionConfigurationPlatforms) = preSolution
		Debug|Any CPU = Debug|Any CPU
		Release|Any CPU = Release|Any CPU
	EndGlobalSection
	GlobalSection(ProjectConfigurationPlatforms) = postSolution
		{910CE49B-37AA-4113-BD5B-00B1C5C6EA5D}.Debug|Any CPU.ActiveCfg = Debug|Any CPU
		{910CE49B-37AA-4113-BD5B-00B1C5C6EA5D}.Debug|Any CPU.Build.0 = Debug|Any CPU
		{910CE49B-37AA-4113-BD5B-00B1C5C6EA5D}.Release|Any CPU.ActiveCfg = Release|Any CPU
		{910CE49B-37AA-4113-BD5B-00B1C5C6EA5D}.Release|Any CPU.Build.0 = Release|Any CPU
	EndGlobalSection
EndGlobal
