
Microsoft Visual Studio Solution File, Format Version 12.00
Project("{FAE04EC0-301F-11D3-BF4B-00C04F79EFBC}") = "HangmanFun", "HangmanFun.csproj", "{617DF688-417E-4734-8D49-4D5DAB3CDB59}"
EndProject
Global
	GlobalSection(SolutionConfigurationPlatforms) = preSolution
		Debug|Any CPU = Debug|Any CPU
		Release|Any CPU = Release|Any CPU
	EndGlobalSection
	GlobalSection(ProjectConfigurationPlatforms) = postSolution
		{617DF688-417E-4734-8D49-4D5DAB3CDB59}.Debug|Any CPU.ActiveCfg = Debug|Any CPU
		{617DF688-417E-4734-8D49-4D5DAB3CDB59}.Debug|Any CPU.Build.0 = Debug|Any CPU
		{617DF688-417E-4734-8D49-4D5DAB3CDB59}.Release|Any CPU.ActiveCfg = Release|Any CPU
		{617DF688-417E-4734-8D49-4D5DAB3CDB59}.Release|Any CPU.Build.0 = Release|Any CPU
	EndGlobalSection
EndGlobal
