
Microsoft Visual Studio Solution File, Format Version 12.00
Project("{FAE04EC0-301F-11D3-BF4B-00C04F79EFBC}") = "413Final", "413Final\413Final.csproj", "{5F65BFF5-8E31-4D7F-BAE1-8F862E2DD692}"
EndProject
Global
	GlobalSection(SolutionConfigurationPlatforms) = preSolution
		Debug|Any CPU = Debug|Any CPU
		Release|Any CPU = Release|Any CPU
	EndGlobalSection
	GlobalSection(ProjectConfigurationPlatforms) = postSolution
		{5F65BFF5-8E31-4D7F-BAE1-8F862E2DD692}.Debug|Any CPU.ActiveCfg = Debug|Any CPU
		{5F65BFF5-8E31-4D7F-BAE1-8F862E2DD692}.Debug|Any CPU.Build.0 = Debug|Any CPU
		{5F65BFF5-8E31-4D7F-BAE1-8F862E2DD692}.Release|Any CPU.ActiveCfg = Release|Any CPU
		{5F65BFF5-8E31-4D7F-BAE1-8F862E2DD692}.Release|Any CPU.Build.0 = Release|Any CPU
	EndGlobalSection
EndGlobal
